
Microsoft Visual Studio Solution File, Format Version 12.00
# Visual Studio Version 16
VisualStudioVersion = 16.0.30621.155
MinimumVisualStudioVersion = 10.0.40219.1
Project("{FAE04EC0-301F-11D3-BF4B-00C04F79EFBC}") = "StudyTrackr.Android", "StudyTrackr\StudyTrackr.Android\StudyTrackr.Android.csproj", "{0CB4135F-9434-459C-91B9-DE9002364782}"
EndProject
Project("{9A19103F-16F7-4668-BE54-9A1E7A4F7556}") = "StudyTrackr", "StudyTrackr\StudyTrackr\StudyTrackr.csproj", "{7E34AB51-7578-46AD-8264-561F8BA1E12A}"
EndProject
Project("{9A19103F-16F7-4668-BE54-9A1E7A4F7556}") = "UnitTests", "UnitTests\UnitTests.csproj", "{42BB3E72-495A-424D-9523-A40B7A74F79A}"
EndProject
Global
	GlobalSection(SolutionConfigurationPlatforms) = preSolution
		Debug|Any CPU = Debug|Any CPU
		Debug|ARM = Debug|ARM
		Debug|x64 = Debug|x64
		Debug|x86 = Debug|x86
		Release|Any CPU = Release|Any CPU
		Release|ARM = Release|ARM
		Release|x64 = Release|x64
		Release|x86 = Release|x86
	EndGlobalSection
	GlobalSection(ProjectConfigurationPlatforms) = postSolution
		{0CB4135F-9434-459C-91B9-DE9002364782}.Debug|Any CPU.ActiveCfg = Debug|Any CPU
		{0CB4135F-9434-459C-91B9-DE9002364782}.Debug|Any CPU.Build.0 = Debug|Any CPU
		{0CB4135F-9434-459C-91B9-DE9002364782}.Debug|Any CPU.Deploy.0 = Debug|Any CPU
		{0CB4135F-9434-459C-91B9-DE9002364782}.Debug|ARM.ActiveCfg = Debug|Any CPU
		{0CB4135F-9434-459C-91B9-DE9002364782}.Debug|ARM.Build.0 = Debug|Any CPU
		{0CB4135F-9434-459C-91B9-DE9002364782}.Debug|ARM.Deploy.0 = Debug|Any CPU
		{0CB4135F-9434-459C-91B9-DE9002364782}.Debug|x64.ActiveCfg = Debug|Any CPU
		{0CB4135F-9434-459C-91B9-DE9002364782}.Debug|x64.Build.0 = Debug|Any CPU
		{0CB4135F-9434-459C-91B9-DE9002364782}.Debug|x64.Deploy.0 = Debug|Any CPU
		{0CB4135F-9434-459C-91B9-DE9002364782}.Debug|x86.ActiveCfg = Debug|Any CPU
		{0CB4135F-9434-459C-91B9-DE9002364782}.Debug|x86.Build.0 = Debug|Any CPU
		{0CB4135F-9434-459C-91B9-DE9002364782}.Debug|x86.Deploy.0 = Debug|Any CPU
		{0CB4135F-9434-459C-91B9-DE9002364782}.Release|Any CPU.ActiveCfg = Release|Any CPU
		{0CB4135F-9434-459C-91B9-DE9002364782}.Release|Any CPU.Build.0 = Release|Any CPU
		{0CB4135F-9434-459C-91B9-DE9002364782}.Release|Any CPU.Deploy.0 = Release|Any CPU
		{0CB4135F-9434-459C-91B9-DE9002364782}.Release|ARM.ActiveCfg = Release|Any CPU
		{0CB4135F-9434-459C-91B9-DE9002364782}.Release|ARM.Build.0 = Release|Any CPU
		{0CB4135F-9434-459C-91B9-DE9002364782}.Release|ARM.Deploy.0 = Release|Any CPU
		{0CB4135F-9434-459C-91B9-DE9002364782}.Release|x64.ActiveCfg = Release|Any CPU
		{0CB4135F-9434-459C-91B9-DE9002364782}.Release|x64.Build.0 = Release|Any CPU
		{0CB4135F-9434-459C-91B9-DE9002364782}.Release|x64.Deploy.0 = Release|Any CPU
		{0CB4135F-9434-459C-91B9-DE9002364782}.Release|x86.ActiveCfg = Release|Any CPU
		{0CB4135F-9434-459C-91B9-DE9002364782}.Release|x86.Build.0 = Release|Any CPU
		{0CB4135F-9434-459C-91B9-DE9002364782}.Release|x86.Deploy.0 = Release|Any CPU
		{7E34AB51-7578-46AD-8264-561F8BA1E12A}.Debug|Any CPU.ActiveCfg = Debug|Any CPU
		{7E34AB51-7578-46AD-8264-561F8BA1E12A}.Debug|Any CPU.Build.0 = Debug|Any CPU
		{7E34AB51-7578-46AD-8264-561F8BA1E12A}.Debug|Any CPU.Deploy.0 = Debug|Any CPU
		{7E34AB51-7578-46AD-8264-561F8BA1E12A}.Debug|ARM.ActiveCfg = Debug|Any CPU
		{7E34AB51-7578-46AD-8264-561F8BA1E12A}.Debug|ARM.Build.0 = Debug|Any CPU
		{7E34AB51-7578-46AD-8264-561F8BA1E12A}.Debug|ARM.Deploy.0 = Debug|Any CPU
		{7E34AB51-7578-46AD-8264-561F8BA1E12A}.Debug|x64.ActiveCfg = Debug|Any CPU
		{7E34AB51-7578-46AD-8264-561F8BA1E12A}.Debug|x64.Build.0 = Debug|Any CPU
		{7E34AB51-7578-46AD-8264-561F8BA1E12A}.Debug|x64.Deploy.0 = Debug|Any CPU
		{7E34AB51-7578-46AD-8264-561F8BA1E12A}.Debug|x86.ActiveCfg = Debug|Any CPU
		{7E34AB51-7578-46AD-8264-561F8BA1E12A}.Debug|x86.Build.0 = Debug|Any CPU
		{7E34AB51-7578-46AD-8264-561F8BA1E12A}.Debug|x86.Deploy.0 = Debug|Any CPU
		{7E34AB51-7578-46AD-8264-561F8BA1E12A}.Release|Any CPU.ActiveCfg = Release|Any CPU
		{7E34AB51-7578-46AD-8264-561F8BA1E12A}.Release|Any CPU.Build.0 = Release|Any CPU
		{7E34AB51-7578-46AD-8264-561F8BA1E12A}.Release|Any CPU.Deploy.0 = Release|Any CPU
		{7E34AB51-7578-46AD-8264-561F8BA1E12A}.Release|ARM.ActiveCfg = Release|Any CPU
		{7E34AB51-7578-46AD-8264-561F8BA1E12A}.Release|ARM.Build.0 = Release|Any CPU
		{7E34AB51-7578-46AD-8264-561F8BA1E12A}.Release|ARM.Deploy.0 = Release|Any CPU
		{7E34AB51-7578-46AD-8264-561F8BA1E12A}.Release|x64.ActiveCfg = Release|Any CPU
		{7E34AB51-7578-46AD-8264-561F8BA1E12A}.Release|x64.Build.0 = Release|Any CPU
		{7E34AB51-7578-46AD-8264-561F8BA1E12A}.Release|x64.Deploy.0 = Release|Any CPU
		{7E34AB51-7578-46AD-8264-561F8BA1E12A}.Release|x86.ActiveCfg = Release|Any CPU
		{7E34AB51-7578-46AD-8264-561F8BA1E12A}.Release|x86.Build.0 = Release|Any CPU
		{7E34AB51-7578-46AD-8264-561F8BA1E12A}.Release|x86.Deploy.0 = Release|Any CPU
		{42BB3E72-495A-424D-9523-A40B7A74F79A}.Debug|Any CPU.ActiveCfg = Debug|Any CPU
		{42BB3E72-495A-424D-9523-A40B7A74F79A}.Debug|Any CPU.Build.0 = Debug|Any CPU
		{42BB3E72-495A-424D-9523-A40B7A74F79A}.Debug|ARM.ActiveCfg = Debug|Any CPU
		{42BB3E72-495A-424D-9523-A40B7A74F79A}.Debug|ARM.Build.0 = Debug|Any CPU
		{42BB3E72-495A-424D-9523-A40B7A74F79A}.Debug|x64.ActiveCfg = Debug|Any CPU
		{42BB3E72-495A-424D-9523-A40B7A74F79A}.Debug|x64.Build.0 = Debug|Any CPU
		{42BB3E72-495A-424D-9523-A40B7A74F79A}.Debug|x86.ActiveCfg = Debug|Any CPU
		{42BB3E72-495A-424D-9523-A40B7A74F79A}.Debug|x86.Build.0 = Debug|Any CPU
		{42BB3E72-495A-424D-9523-A40B7A74F79A}.Release|Any CPU.ActiveCfg = Release|Any CPU
		{42BB3E72-495A-424D-9523-A40B7A74F79A}.Release|Any CPU.Build.0 = Release|Any CPU
		{42BB3E72-495A-424D-9523-A40B7A74F79A}.Release|ARM.ActiveCfg = Release|Any CPU
		{42BB3E72-495A-424D-9523-A40B7A74F79A}.Release|ARM.Build.0 = Release|Any CPU
		{42BB3E72-495A-424D-9523-A40B7A74F79A}.Release|x64.ActiveCfg = Release|Any CPU
		{42BB3E72-495A-424D-9523-A40B7A74F79A}.Release|x64.Build.0 = Release|Any CPU
		{42BB3E72-495A-424D-9523-A40B7A74F79A}.Release|x86.ActiveCfg = Release|Any CPU
		{42BB3E72-495A-424D-9523-A40B7A74F79A}.Release|x86.Build.0 = Release|Any CPU
	EndGlobalSection
	GlobalSection(SolutionProperties) = preSolution
		HideSolutionNode = FALSE
	EndGlobalSection
	GlobalSection(ExtensibilityGlobals) = postSolution
		SolutionGuid = {ADA05147-25E7-4E9E-A761-60B2301EB9EE}
	EndGlobalSection
EndGlobal
